
Microsoft Visual Studio Solution File, Format Version 12.00
# Visual Studio Version 17
VisualStudioVersion = 17.3.32929.385
MinimumVisualStudioVersion = 10.0.40219.1
Project("{9A19103F-16F7-4668-BE54-9A1E7A4F7556}") = "Markdig.Wpf.ColorCode", "Markdig.Wpf.ColorCode\Markdig.Wpf.ColorCode.csproj", "{68A739DB-9A2E-4530-BE05-5B18450D6A1D}"
EndProject
Global
	GlobalSection(SolutionConfigurationPlatforms) = preSolution
		Debug|Any CPU = Debug|Any CPU
		Release|Any CPU = Release|Any CPU
	EndGlobalSection
	GlobalSection(ProjectConfigurationPlatforms) = postSolution
		{68A739DB-9A2E-4530-BE05-5B18450D6A1D}.Debug|Any CPU.ActiveCfg = Debug|Any CPU
		{68A739DB-9A2E-4530-BE05-5B18450D6A1D}.Debug|Any CPU.Build.0 = Debug|Any CPU
		{68A739DB-9A2E-4530-BE05-5B18450D6A1D}.Release|Any CPU.ActiveCfg = Release|Any CPU
		{68A739DB-9A2E-4530-BE05-5B18450D6A1D}.Release|Any CPU.Build.0 = Release|Any CPU
	EndGlobalSection
	GlobalSection(SolutionProperties) = preSolution
		HideSolutionNode = FALSE
	EndGlobalSection
	GlobalSection(ExtensibilityGlobals) = postSolution
		SolutionGuid = {2652159C-B83C-4A2D-89E4-C244A6306767}
	EndGlobalSection
EndGlobal
